
Microsoft Visual Studio Solution File, Format Version 12.00
# Visual Studio 15
VisualStudioVersion = 15.0.27703.2026
MinimumVisualStudioVersion = 10.0.40219.1
Project("{FAE04EC0-301F-11D3-BF4B-00C04F79EFBC}") = "RPCProvider", "RPCProvider\RPCProvider.csproj", "{FFC7B432-A3BD-4562-8C2E-F5A0375E3D5F}"
EndProject
Global
	GlobalSection(SolutionConfigurationPlatforms) = preSolution
		Debug|Any CPU = Debug|Any CPU
		Release|Any CPU = Release|Any CPU
	EndGlobalSection
	GlobalSection(ProjectConfigurationPlatforms) = postSolution
		{FFC7B432-A3BD-4562-8C2E-F5A0375E3D5F}.Debug|Any CPU.ActiveCfg = Debug|Any CPU
		{FFC7B432-A3BD-4562-8C2E-F5A0375E3D5F}.Debug|Any CPU.Build.0 = Debug|Any CPU
		{FFC7B432-A3BD-4562-8C2E-F5A0375E3D5F}.Release|Any CPU.ActiveCfg = Release|Any CPU
		{FFC7B432-A3BD-4562-8C2E-F5A0375E3D5F}.Release|Any CPU.Build.0 = Release|Any CPU
	EndGlobalSection
	GlobalSection(SolutionProperties) = preSolution
		HideSolutionNode = FALSE
	EndGlobalSection
	GlobalSection(ExtensibilityGlobals) = postSolution
		SolutionGuid = {1EE40DB7-EDD7-4DC8-B3AC-1750697A4E5B}
	EndGlobalSection
EndGlobal
